// !$*UTF8*$!
{
	archiveVersion = 1;
	classes = {
	};
	objectVersion = 55;
	objects = {

/* Begin PBXBuildFile section */
		2B77582C46C0E22D8B4B1E5E /* Pods_VKapp_VKappUITests.framework in Frameworks */ = {isa = PBXBuildFile; fileRef = C2A0AEA83A9AA1DD8581BB5C /* Pods_VKapp_VKappUITests.framework */; };
		8643D4AA282DC1190042332D /* GetDataOperation.swift in Sources */ = {isa = PBXBuildFile; fileRef = 8643D4A9282DC1190042332D /* GetDataOperation.swift */; };
		8643D4AC282DC1320042332D /* AsyncOperation.swift in Sources */ = {isa = PBXBuildFile; fileRef = 8643D4AB282DC1320042332D /* AsyncOperation.swift */; };
		8643D4AE282DC1580042332D /* ParseData.swift in Sources */ = {isa = PBXBuildFile; fileRef = 8643D4AD282DC1580042332D /* ParseData.swift */; };
		8643D4B0282DC1680042332D /* ReloadTableController.swift in Sources */ = {isa = PBXBuildFile; fileRef = 8643D4AF282DC1680042332D /* ReloadTableController.swift */; };
		8646698F2837097E00734E6B /* VideoPostCell.swift in Sources */ = {isa = PBXBuildFile; fileRef = 8646698D2837097E00734E6B /* VideoPostCell.swift */; };
		864669902837097E00734E6B /* VideoPostCell.xib in Resources */ = {isa = PBXBuildFile; fileRef = 8646698E2837097E00734E6B /* VideoPostCell.xib */; };
		864669932837099300734E6B /* TextPostCell.swift in Sources */ = {isa = PBXBuildFile; fileRef = 864669912837099300734E6B /* TextPostCell.swift */; };
		864669942837099300734E6B /* TextPostCell.xib in Resources */ = {isa = PBXBuildFile; fileRef = 864669922837099300734E6B /* TextPostCell.xib */; };
		86466997283709D600734E6B /* ImagePostCell.swift in Sources */ = {isa = PBXBuildFile; fileRef = 86466995283709D600734E6B /* ImagePostCell.swift */; };
		86466998283709D600734E6B /* ImagePostCell.xib in Resources */ = {isa = PBXBuildFile; fileRef = 86466996283709D600734E6B /* ImagePostCell.xib */; };
		8646699B283709EB00734E6B /* ImageRePostCell.swift in Sources */ = {isa = PBXBuildFile; fileRef = 86466999283709EB00734E6B /* ImageRePostCell.swift */; };
		8646699C283709EB00734E6B /* ImageRePostCell.xib in Resources */ = {isa = PBXBuildFile; fileRef = 8646699A283709EB00734E6B /* ImageRePostCell.xib */; };
		8646699F28370A0800734E6B /* TextRePostCell.swift in Sources */ = {isa = PBXBuildFile; fileRef = 8646699D28370A0800734E6B /* TextRePostCell.swift */; };
		864669A028370A0800734E6B /* TextRePostCell.xib in Resources */ = {isa = PBXBuildFile; fileRef = 8646699E28370A0800734E6B /* TextRePostCell.xib */; };
		864669A328370A2100734E6B /* VideoRePostCell.swift in Sources */ = {isa = PBXBuildFile; fileRef = 864669A128370A2100734E6B /* VideoRePostCell.swift */; };
		864669A428370A2100734E6B /* VideoRePostCell.xib in Resources */ = {isa = PBXBuildFile; fileRef = 864669A228370A2100734E6B /* VideoRePostCell.xib */; };
		865F2BD2281BBCF00045B076 /* ConfigureUrl.swift in Sources */ = {isa = PBXBuildFile; fileRef = 865F2BD1281BBCF00045B076 /* ConfigureUrl.swift */; };
		867753412817FAA800B3A9F9 /* LikesModel.swift in Sources */ = {isa = PBXBuildFile; fileRef = 867753402817FAA800B3A9F9 /* LikesModel.swift */; };
		86DA0D1D2839B4FE00EE646C /* ViewNewsModel.swift in Sources */ = {isa = PBXBuildFile; fileRef = 86DA0D1C2839B4FE00EE646C /* ViewNewsModel.swift */; };
		9218A06DC2F011E1C88ACB26 /* Pods_VKappTests.framework in Frameworks */ = {isa = PBXBuildFile; fileRef = 8FEA92D171E78321A499B64C /* Pods_VKappTests.framework */; };
		D548D6501DFE40FC6A956C71 /* Pods_VKapp.framework in Frameworks */ = {isa = PBXBuildFile; fileRef = 24274EE7D1A6618A627C818D /* Pods_VKapp.framework */; };
		FA03461B2769008300DCBB60 /* AllCroupTableViewCell.swift in Sources */ = {isa = PBXBuildFile; fileRef = FA0346192769008300DCBB60 /* AllCroupTableViewCell.swift */; };
		FA1600FF274F106200BF9C63 /* AppDelegate.swift in Sources */ = {isa = PBXBuildFile; fileRef = FA1600FE274F106200BF9C63 /* AppDelegate.swift */; };
		FA160101274F106200BF9C63 /* SceneDelegate.swift in Sources */ = {isa = PBXBuildFile; fileRef = FA160100274F106200BF9C63 /* SceneDelegate.swift */; };
		FA160106274F106200BF9C63 /* Main.storyboard in Resources */ = {isa = PBXBuildFile; fileRef = FA160104274F106200BF9C63 /* Main.storyboard */; };
		FA160109274F106200BF9C63 /* VKapp.xcdatamodeld in Sources */ = {isa = PBXBuildFile; fileRef = FA160107274F106200BF9C63 /* VKapp.xcdatamodeld */; };
		FA16010B274F106400BF9C63 /* Assets.xcassets in Resources */ = {isa = PBXBuildFile; fileRef = FA16010A274F106400BF9C63 /* Assets.xcassets */; };
		FA16010E274F106400BF9C63 /* LaunchScreen.storyboard in Resources */ = {isa = PBXBuildFile; fileRef = FA16010C274F106400BF9C63 /* LaunchScreen.storyboard */; };
		FA17B84027B5443600526EE1 /* UserModel.swift in Sources */ = {isa = PBXBuildFile; fileRef = FA17B83F27B5443600526EE1 /* UserModel.swift */; };
		FA227BE027C2DF1B00EBDE42 /* VideoModel.swift in Sources */ = {isa = PBXBuildFile; fileRef = FA227BDF27C2DF1B00EBDE42 /* VideoModel.swift */; };
		FA23A8CA279033B000A7FC12 /* LoginVkController.swift in Sources */ = {isa = PBXBuildFile; fileRef = FA23A8C9279033B000A7FC12 /* LoginVkController.swift */; };
		FA29F30F275A42DE00BBB0EE /* GroupTableViewController.swift in Sources */ = {isa = PBXBuildFile; fileRef = FA29F30E275A42DE00BBB0EE /* GroupTableViewController.swift */; };
		FA29F312275A434200BBB0EE /* GroupTableViewCell.xib in Resources */ = {isa = PBXBuildFile; fileRef = FA29F311275A434200BBB0EE /* GroupTableViewCell.xib */; };
		FA29F314275A435600BBB0EE /* GroupTableViewCell.swift in Sources */ = {isa = PBXBuildFile; fileRef = FA29F313275A435600BBB0EE /* GroupTableViewCell.swift */; };
		FA372B49276C106600168776 /* PostViewController.swift in Sources */ = {isa = PBXBuildFile; fileRef = FA372B48276C106600168776 /* PostViewController.swift */; };
		FA581DD12778BF8C00D7483D /* CustomNavigationController.swift in Sources */ = {isa = PBXBuildFile; fileRef = FA581DD02778BF8C00D7483D /* CustomNavigationController.swift */; };
		FA581DD32778C0E000D7483D /* InteractiveTransition.swift in Sources */ = {isa = PBXBuildFile; fileRef = FA581DD22778C0E000D7483D /* InteractiveTransition.swift */; };
		FA581DD62778C61400D7483D /* PushAnimator.swift in Sources */ = {isa = PBXBuildFile; fileRef = FA581DD52778C61400D7483D /* PushAnimator.swift */; };
		FA581DD82778D3F300D7483D /* PopAnimator.swift in Sources */ = {isa = PBXBuildFile; fileRef = FA581DD72778D3F300D7483D /* PopAnimator.swift */; };
		FA581DDA2778F8F700D7483D /* AppUtility.swift in Sources */ = {isa = PBXBuildFile; fileRef = FA581DD92778F8F700D7483D /* AppUtility.swift */; };
		FA998ABD27C050EE0054B888 /* GroupModel.swift in Sources */ = {isa = PBXBuildFile; fileRef = FA998ABC27C050EE0054B888 /* GroupModel.swift */; };
		FA9F079E27A7429400BB129C /* RealmCacheService.swift in Sources */ = {isa = PBXBuildFile; fileRef = FA9F079D27A7429400BB129C /* RealmCacheService.swift */; };
		FAA56C8E275E384D000DDB92 /* FriendscCollectionViewController.swift in Sources */ = {isa = PBXBuildFile; fileRef = FAA56C8D275E384D000DDB92 /* FriendscCollectionViewController.swift */; };
		FAA56C91275E446A000DDB92 /* FriendsViewCell.swift in Sources */ = {isa = PBXBuildFile; fileRef = FAA56C8F275E446A000DDB92 /* FriendsViewCell.swift */; };
		FAA56C92275E446A000DDB92 /* FriendsViewCell.xib in Resources */ = {isa = PBXBuildFile; fileRef = FAA56C90275E446A000DDB92 /* FriendsViewCell.xib */; };
		FAA56C98275E4742000DDB92 /* FriendsTableViewController.swift in Sources */ = {isa = PBXBuildFile; fileRef = FAA56C97275E4742000DDB92 /* FriendsTableViewController.swift */; };
		FAA7EA7E279964F000F96AA2 /* ImageLoader.swift in Sources */ = {isa = PBXBuildFile; fileRef = FAA7EA7D279964F000F96AA2 /* ImageLoader.swift */; };
		FAA7EA80279968FF00F96AA2 /* FriendModel.swift in Sources */ = {isa = PBXBuildFile; fileRef = FAA7EA7F279968FF00F96AA2 /* FriendModel.swift */; };
		FAB77381275564DE007F37C1 /* FriendsTableViewCell.swift in Sources */ = {isa = PBXBuildFile; fileRef = FAB77380275564DE007F37C1 /* FriendsTableViewCell.swift */; };
		FAB7738527556653007F37C1 /* FriendsTableViewCell.xib in Resources */ = {isa = PBXBuildFile; fileRef = FAB7738427556653007F37C1 /* FriendsTableViewCell.xib */; };
		FACFFEB42781E3C9009B46DB /* Session.swift in Sources */ = {isa = PBXBuildFile; fileRef = FACFFEB32781E3C9009B46DB /* Session.swift */; };
		FAD04F1A27B0E127006B4233 /* NewsModel.swift in Sources */ = {isa = PBXBuildFile; fileRef = FAD04F1927B0E127006B4233 /* NewsModel.swift */; };
		FAD579B127955F6700E35E20 /* RequestsServer.swift in Sources */ = {isa = PBXBuildFile; fileRef = FAD579B027955F6700E35E20 /* RequestsServer.swift */; };
		FADC7F76276A208600C81260 /* NewsTableViewController.swift in Sources */ = {isa = PBXBuildFile; fileRef = FADC7F75276A208600C81260 /* NewsTableViewController.swift */; };
		FADEE0C5275FAD94009BBFFF /* AllGroupTableViewController.swift in Sources */ = {isa = PBXBuildFile; fileRef = FADEE0C4275FAD94009BBFFF /* AllGroupTableViewController.swift */; };
		FAF15C2F277228FF006FC004 /* CommentTableViewCell.swift in Sources */ = {isa = PBXBuildFile; fileRef = FAF15C2E277228FF006FC004 /* CommentTableViewCell.swift */; };
		FAFF0D5F279C3A550051B993 /* GroupsModel.swift in Sources */ = {isa = PBXBuildFile; fileRef = FAFF0D5E279C3A550051B993 /* GroupsModel.swift */; };
		FAFF0D66279D84210051B993 /* FriendPhotosModel.swift in Sources */ = {isa = PBXBuildFile; fileRef = FAFF0D65279D84210051B993 /* FriendPhotosModel.swift */; };
/* End PBXBuildFile section */

/* Begin PBXContainerItemProxy section */
		FA160115274F106500BF9C63 /* PBXContainerItemProxy */ = {
			isa = PBXContainerItemProxy;
			containerPortal = FA1600F3274F106200BF9C63 /* Project object */;
			proxyType = 1;
			remoteGlobalIDString = FA1600FA274F106200BF9C63;
			remoteInfo = VKapp;
		};
		FA16011F274F106500BF9C63 /* PBXContainerItemProxy */ = {
			isa = PBXContainerItemProxy;
			containerPortal = FA1600F3274F106200BF9C63 /* Project object */;
			proxyType = 1;
			remoteGlobalIDString = FA1600FA274F106200BF9C63;
			remoteInfo = VKapp;
		};
/* End PBXContainerItemProxy section */

/* Begin PBXFileReference section */
		1244EF5CF4327CB57C9743F2 /* Pods-VKapp.debug.xcconfig */ = {isa = PBXFileReference; includeInIndex = 1; lastKnownFileType = text.xcconfig; name = "Pods-VKapp.debug.xcconfig"; path = "Target Support Files/Pods-VKapp/Pods-VKapp.debug.xcconfig"; sourceTree = "<group>"; };
		160A790F5C5342ED50A2BF9C /* Pods-VKapp.release.xcconfig */ = {isa = PBXFileReference; includeInIndex = 1; lastKnownFileType = text.xcconfig; name = "Pods-VKapp.release.xcconfig"; path = "Target Support Files/Pods-VKapp/Pods-VKapp.release.xcconfig"; sourceTree = "<group>"; };
		24274EE7D1A6618A627C818D /* Pods_VKapp.framework */ = {isa = PBXFileReference; explicitFileType = wrapper.framework; includeInIndex = 0; path = Pods_VKapp.framework; sourceTree = BUILT_PRODUCTS_DIR; };
		36975DB567A5347FB3A0BE08 /* Pods-VKapp-VKappUITests.release.xcconfig */ = {isa = PBXFileReference; includeInIndex = 1; lastKnownFileType = text.xcconfig; name = "Pods-VKapp-VKappUITests.release.xcconfig"; path = "Target Support Files/Pods-VKapp-VKappUITests/Pods-VKapp-VKappUITests.release.xcconfig"; sourceTree = "<group>"; };
		4B737C0A5DE135B3C17FB474 /* Pods-VKappTests.debug.xcconfig */ = {isa = PBXFileReference; includeInIndex = 1; lastKnownFileType = text.xcconfig; name = "Pods-VKappTests.debug.xcconfig"; path = "Target Support Files/Pods-VKappTests/Pods-VKappTests.debug.xcconfig"; sourceTree = "<group>"; };
		5612FFE5E3F79E8EAB7657AE /* Pods-VKapp-VKappUITests.debug.xcconfig */ = {isa = PBXFileReference; includeInIndex = 1; lastKnownFileType = text.xcconfig; name = "Pods-VKapp-VKappUITests.debug.xcconfig"; path = "Target Support Files/Pods-VKapp-VKappUITests/Pods-VKapp-VKappUITests.debug.xcconfig"; sourceTree = "<group>"; };
		6B2FB70243A9B7E0A88F1757 /* Pods-VKappTests.release.xcconfig */ = {isa = PBXFileReference; includeInIndex = 1; lastKnownFileType = text.xcconfig; name = "Pods-VKappTests.release.xcconfig"; path = "Target Support Files/Pods-VKappTests/Pods-VKappTests.release.xcconfig"; sourceTree = "<group>"; };
		8643D4A9282DC1190042332D /* GetDataOperation.swift */ = {isa = PBXFileReference; lastKnownFileType = sourcecode.swift; path = GetDataOperation.swift; sourceTree = "<group>"; };
		8643D4AB282DC1320042332D /* AsyncOperation.swift */ = {isa = PBXFileReference; lastKnownFileType = sourcecode.swift; path = AsyncOperation.swift; sourceTree = "<group>"; };
		8643D4AD282DC1580042332D /* ParseData.swift */ = {isa = PBXFileReference; lastKnownFileType = sourcecode.swift; path = ParseData.swift; sourceTree = "<group>"; };
		8643D4AF282DC1680042332D /* ReloadTableController.swift */ = {isa = PBXFileReference; lastKnownFileType = sourcecode.swift; name = ReloadTableController.swift; path = ../../../../../../Documents/ReloadTableController.swift; sourceTree = "<group>"; };
		8646698D2837097E00734E6B /* VideoPostCell.swift */ = {isa = PBXFileReference; lastKnownFileType = sourcecode.swift; path = VideoPostCell.swift; sourceTree = "<group>"; };
		8646698E2837097E00734E6B /* VideoPostCell.xib */ = {isa = PBXFileReference; lastKnownFileType = file.xib; path = VideoPostCell.xib; sourceTree = "<group>"; };
		864669912837099300734E6B /* TextPostCell.swift */ = {isa = PBXFileReference; lastKnownFileType = sourcecode.swift; path = TextPostCell.swift; sourceTree = "<group>"; };
		864669922837099300734E6B /* TextPostCell.xib */ = {isa = PBXFileReference; lastKnownFileType = file.xib; path = TextPostCell.xib; sourceTree = "<group>"; };
		86466995283709D600734E6B /* ImagePostCell.swift */ = {isa = PBXFileReference; lastKnownFileType = sourcecode.swift; path = ImagePostCell.swift; sourceTree = "<group>"; };
		86466996283709D600734E6B /* ImagePostCell.xib */ = {isa = PBXFileReference; lastKnownFileType = file.xib; path = ImagePostCell.xib; sourceTree = "<group>"; };
		86466999283709EB00734E6B /* ImageRePostCell.swift */ = {isa = PBXFileReference; lastKnownFileType = sourcecode.swift; path = ImageRePostCell.swift; sourceTree = "<group>"; };
		8646699A283709EB00734E6B /* ImageRePostCell.xib */ = {isa = PBXFileReference; lastKnownFileType = file.xib; path = ImageRePostCell.xib; sourceTree = "<group>"; };
		8646699D28370A0800734E6B /* TextRePostCell.swift */ = {isa = PBXFileReference; lastKnownFileType = sourcecode.swift; path = TextRePostCell.swift; sourceTree = "<group>"; };
		8646699E28370A0800734E6B /* TextRePostCell.xib */ = {isa = PBXFileReference; lastKnownFileType = file.xib; path = TextRePostCell.xib; sourceTree = "<group>"; };
		864669A128370A2100734E6B /* VideoRePostCell.swift */ = {isa = PBXFileReference; lastKnownFileType = sourcecode.swift; path = VideoRePostCell.swift; sourceTree = "<group>"; };
		864669A228370A2100734E6B /* VideoRePostCell.xib */ = {isa = PBXFileReference; lastKnownFileType = file.xib; path = VideoRePostCell.xib; sourceTree = "<group>"; };
		865F2BD1281BBCF00045B076 /* ConfigureUrl.swift */ = {isa = PBXFileReference; lastKnownFileType = sourcecode.swift; path = ConfigureUrl.swift; sourceTree = "<group>"; };
		867753402817FAA800B3A9F9 /* LikesModel.swift */ = {isa = PBXFileReference; lastKnownFileType = sourcecode.swift; path = LikesModel.swift; sourceTree = "<group>"; };
		86DA0D1C2839B4FE00EE646C /* ViewNewsModel.swift */ = {isa = PBXFileReference; lastKnownFileType = sourcecode.swift; path = ViewNewsModel.swift; sourceTree = "<group>"; };
		8FEA92D171E78321A499B64C /* Pods_VKappTests.framework */ = {isa = PBXFileReference; explicitFileType = wrapper.framework; includeInIndex = 0; path = Pods_VKappTests.framework; sourceTree = BUILT_PRODUCTS_DIR; };
		C2A0AEA83A9AA1DD8581BB5C /* Pods_VKapp_VKappUITests.framework */ = {isa = PBXFileReference; explicitFileType = wrapper.framework; includeInIndex = 0; path = Pods_VKapp_VKappUITests.framework; sourceTree = BUILT_PRODUCTS_DIR; };
		FA0346192769008300DCBB60 /* AllCroupTableViewCell.swift */ = {isa = PBXFileReference; lastKnownFileType = sourcecode.swift; path = AllCroupTableViewCell.swift; sourceTree = "<group>"; };
		FA1600FB274F106200BF9C63 /* VKapp.app */ = {isa = PBXFileReference; explicitFileType = wrapper.application; includeInIndex = 0; path = VKapp.app; sourceTree = BUILT_PRODUCTS_DIR; };
		FA1600FE274F106200BF9C63 /* AppDelegate.swift */ = {isa = PBXFileReference; lastKnownFileType = sourcecode.swift; path = AppDelegate.swift; sourceTree = "<group>"; };
		FA160100274F106200BF9C63 /* SceneDelegate.swift */ = {isa = PBXFileReference; lastKnownFileType = sourcecode.swift; path = SceneDelegate.swift; sourceTree = "<group>"; };
		FA160105274F106200BF9C63 /* Base */ = {isa = PBXFileReference; lastKnownFileType = file.storyboard; name = Base; path = Base.lproj/Main.storyboard; sourceTree = "<group>"; };
		FA160108274F106200BF9C63 /* VKapp.xcdatamodel */ = {isa = PBXFileReference; lastKnownFileType = wrapper.xcdatamodel; path = VKapp.xcdatamodel; sourceTree = "<group>"; };
		FA16010A274F106400BF9C63 /* Assets.xcassets */ = {isa = PBXFileReference; lastKnownFileType = folder.assetcatalog; path = Assets.xcassets; sourceTree = "<group>"; };
		FA16010D274F106400BF9C63 /* Base */ = {isa = PBXFileReference; lastKnownFileType = file.storyboard; name = Base; path = Base.lproj/LaunchScreen.storyboard; sourceTree = "<group>"; };
		FA16010F274F106400BF9C63 /* Info.plist */ = {isa = PBXFileReference; lastKnownFileType = text.plist.xml; path = Info.plist; sourceTree = "<group>"; };
		FA160114274F106500BF9C63 /* VKappTests.xctest */ = {isa = PBXFileReference; explicitFileType = wrapper.cfbundle; includeInIndex = 0; path = VKappTests.xctest; sourceTree = BUILT_PRODUCTS_DIR; };
		FA16011E274F106500BF9C63 /* VKappUITests.xctest */ = {isa = PBXFileReference; explicitFileType = wrapper.cfbundle; includeInIndex = 0; path = VKappUITests.xctest; sourceTree = BUILT_PRODUCTS_DIR; };
		FA17B83F27B5443600526EE1 /* UserModel.swift */ = {isa = PBXFileReference; lastKnownFileType = sourcecode.swift; path = UserModel.swift; sourceTree = "<group>"; };
		FA227BDF27C2DF1B00EBDE42 /* VideoModel.swift */ = {isa = PBXFileReference; lastKnownFileType = sourcecode.swift; path = VideoModel.swift; sourceTree = "<group>"; };
		FA23A8C9279033B000A7FC12 /* LoginVkController.swift */ = {isa = PBXFileReference; lastKnownFileType = sourcecode.swift; path = LoginVkController.swift; sourceTree = "<group>"; };
		FA29F30E275A42DE00BBB0EE /* GroupTableViewController.swift */ = {isa = PBXFileReference; lastKnownFileType = sourcecode.swift; path = GroupTableViewController.swift; sourceTree = "<group>"; };
		FA29F311275A434200BBB0EE /* GroupTableViewCell.xib */ = {isa = PBXFileReference; lastKnownFileType = file.xib; path = GroupTableViewCell.xib; sourceTree = "<group>"; };
		FA29F313275A435600BBB0EE /* GroupTableViewCell.swift */ = {isa = PBXFileReference; lastKnownFileType = sourcecode.swift; path = GroupTableViewCell.swift; sourceTree = "<group>"; };
		FA372B48276C106600168776 /* PostViewController.swift */ = {isa = PBXFileReference; lastKnownFileType = sourcecode.swift; path = PostViewController.swift; sourceTree = "<group>"; };
		FA581DD02778BF8C00D7483D /* CustomNavigationController.swift */ = {isa = PBXFileReference; lastKnownFileType = sourcecode.swift; path = CustomNavigationController.swift; sourceTree = "<group>"; };
		FA581DD22778C0E000D7483D /* InteractiveTransition.swift */ = {isa = PBXFileReference; lastKnownFileType = sourcecode.swift; path = InteractiveTransition.swift; sourceTree = "<group>"; };
		FA581DD52778C61400D7483D /* PushAnimator.swift */ = {isa = PBXFileReference; lastKnownFileType = sourcecode.swift; path = PushAnimator.swift; sourceTree = "<group>"; };
		FA581DD72778D3F300D7483D /* PopAnimator.swift */ = {isa = PBXFileReference; lastKnownFileType = sourcecode.swift; path = PopAnimator.swift; sourceTree = "<group>"; };
		FA581DD92778F8F700D7483D /* AppUtility.swift */ = {isa = PBXFileReference; lastKnownFileType = sourcecode.swift; path = AppUtility.swift; sourceTree = "<group>"; };
		FA998ABC27C050EE0054B888 /* GroupModel.swift */ = {isa = PBXFileReference; lastKnownFileType = sourcecode.swift; path = GroupModel.swift; sourceTree = "<group>"; };
		FA9F079D27A7429400BB129C /* RealmCacheService.swift */ = {isa = PBXFileReference; lastKnownFileType = sourcecode.swift; path = RealmCacheService.swift; sourceTree = "<group>"; };
		FAA56C8D275E384D000DDB92 /* FriendscCollectionViewController.swift */ = {isa = PBXFileReference; lastKnownFileType = sourcecode.swift; path = FriendscCollectionViewController.swift; sourceTree = "<group>"; };
		FAA56C8F275E446A000DDB92 /* FriendsViewCell.swift */ = {isa = PBXFileReference; lastKnownFileType = sourcecode.swift; path = FriendsViewCell.swift; sourceTree = "<group>"; };
		FAA56C90275E446A000DDB92 /* FriendsViewCell.xib */ = {isa = PBXFileReference; lastKnownFileType = file.xib; path = FriendsViewCell.xib; sourceTree = "<group>"; };
		FAA56C97275E4742000DDB92 /* FriendsTableViewController.swift */ = {isa = PBXFileReference; lastKnownFileType = sourcecode.swift; path = FriendsTableViewController.swift; sourceTree = "<group>"; };
		FAA7EA7D279964F000F96AA2 /* ImageLoader.swift */ = {isa = PBXFileReference; lastKnownFileType = sourcecode.swift; path = ImageLoader.swift; sourceTree = "<group>"; };
		FAA7EA7F279968FF00F96AA2 /* FriendModel.swift */ = {isa = PBXFileReference; lastKnownFileType = sourcecode.swift; path = FriendModel.swift; sourceTree = "<group>"; };
		FAB77380275564DE007F37C1 /* FriendsTableViewCell.swift */ = {isa = PBXFileReference; lastKnownFileType = sourcecode.swift; path = FriendsTableViewCell.swift; sourceTree = "<group>"; };
		FAB7738427556653007F37C1 /* FriendsTableViewCell.xib */ = {isa = PBXFileReference; lastKnownFileType = file.xib; path = FriendsTableViewCell.xib; sourceTree = "<group>"; };
		FACFFEB32781E3C9009B46DB /* Session.swift */ = {isa = PBXFileReference; lastKnownFileType = sourcecode.swift; path = Session.swift; sourceTree = "<group>"; };
		FAD04F1927B0E127006B4233 /* NewsModel.swift */ = {isa = PBXFileReference; lastKnownFileType = sourcecode.swift; path = NewsModel.swift; sourceTree = "<group>"; };
		FAD579B027955F6700E35E20 /* RequestsServer.swift */ = {isa = PBXFileReference; lastKnownFileType = sourcecode.swift; path = RequestsServer.swift; sourceTree = "<group>"; };
		FADC7F75276A208600C81260 /* NewsTableViewController.swift */ = {isa = PBXFileReference; lastKnownFileType = sourcecode.swift; path = NewsTableViewController.swift; sourceTree = "<group>"; };
		FADEE0C4275FAD94009BBFFF /* AllGroupTableViewController.swift */ = {isa = PBXFileReference; lastKnownFileType = sourcecode.swift; path = AllGroupTableViewController.swift; sourceTree = "<group>"; };
		FAF15C2E277228FF006FC004 /* CommentTableViewCell.swift */ = {isa = PBXFileReference; lastKnownFileType = sourcecode.swift; path = CommentTableViewCell.swift; sourceTree = "<group>"; };
		FAFF0D5E279C3A550051B993 /* GroupsModel.swift */ = {isa = PBXFileReference; lastKnownFileType = sourcecode.swift; path = GroupsModel.swift; sourceTree = "<group>"; };
		FAFF0D65279D84210051B993 /* FriendPhotosModel.swift */ = {isa = PBXFileReference; lastKnownFileType = sourcecode.swift; path = FriendPhotosModel.swift; sourceTree = "<group>"; };
/* End PBXFileReference section */

/* Begin PBXFrameworksBuildPhase section */
		FA1600F8274F106200BF9C63 /* Frameworks */ = {
			isa = PBXFrameworksBuildPhase;
			buildActionMask = 2147483647;
			files = (
				D548D6501DFE40FC6A956C71 /* Pods_VKapp.framework in Frameworks */,
			);
			runOnlyForDeploymentPostprocessing = 0;
		};
		FA160111274F106500BF9C63 /* Frameworks */ = {
			isa = PBXFrameworksBuildPhase;
			buildActionMask = 2147483647;
			files = (
				9218A06DC2F011E1C88ACB26 /* Pods_VKappTests.framework in Frameworks */,
			);
			runOnlyForDeploymentPostprocessing = 0;
		};
		FA16011B274F106500BF9C63 /* Frameworks */ = {
			isa = PBXFrameworksBuildPhase;
			buildActionMask = 2147483647;
			files = (
				2B77582C46C0E22D8B4B1E5E /* Pods_VKapp_VKappUITests.framework in Frameworks */,
			);
			runOnlyForDeploymentPostprocessing = 0;
		};
/* End PBXFrameworksBuildPhase section */

/* Begin PBXGroup section */
		8643D4A8282DC1050042332D /* Operations */ = {
			isa = PBXGroup;
			children = (
				8643D4A9282DC1190042332D /* GetDataOperation.swift */,
				8643D4AB282DC1320042332D /* AsyncOperation.swift */,
				8643D4AD282DC1580042332D /* ParseData.swift */,
				8643D4AF282DC1680042332D /* ReloadTableController.swift */,
			);
			path = Operations;
			sourceTree = "<group>";
		};
		86466985283705EC00734E6B /* Attachments */ = {
			isa = PBXGroup;
			children = (
				8646698C2837091900734E6B /* ImagePost */,
				8646698B2837091200734E6B /* TextPost */,
				8646698A2837090A00734E6B /* VideoPost */,
			);
			path = Attachments;
			sourceTree = "<group>";
		};
		86466986283705F700734E6B /* CopyHistory */ = {
			isa = PBXGroup;
			children = (
				864669892837064400734E6B /* VideoPost */,
				864669882837063700734E6B /* TextPost */,
				864669872837061700734E6B /* ImagePost */,
			);
			path = CopyHistory;
			sourceTree = "<group>";
		};
		864669872837061700734E6B /* ImagePost */ = {
			isa = PBXGroup;
			children = (
				86466999283709EB00734E6B /* ImageRePostCell.swift */,
				8646699A283709EB00734E6B /* ImageRePostCell.xib */,
			);
			path = ImagePost;
			sourceTree = "<group>";
		};
		864669882837063700734E6B /* TextPost */ = {
			isa = PBXGroup;
			children = (
				8646699D28370A0800734E6B /* TextRePostCell.swift */,
				8646699E28370A0800734E6B /* TextRePostCell.xib */,
			);
			path = TextPost;
			sourceTree = "<group>";
		};
		864669892837064400734E6B /* VideoPost */ = {
			isa = PBXGroup;
			children = (
				864669A128370A2100734E6B /* VideoRePostCell.swift */,
				864669A228370A2100734E6B /* VideoRePostCell.xib */,
			);
			path = VideoPost;
			sourceTree = "<group>";
		};
		8646698A2837090A00734E6B /* VideoPost */ = {
			isa = PBXGroup;
			children = (
				8646698D2837097E00734E6B /* VideoPostCell.swift */,
				8646698E2837097E00734E6B /* VideoPostCell.xib */,
			);
			path = VideoPost;
			sourceTree = "<group>";
		};
		8646698B2837091200734E6B /* TextPost */ = {
			isa = PBXGroup;
			children = (
				864669912837099300734E6B /* TextPostCell.swift */,
				864669922837099300734E6B /* TextPostCell.xib */,
			);
			path = TextPost;
			sourceTree = "<group>";
		};
		8646698C2837091900734E6B /* ImagePost */ = {
			isa = PBXGroup;
			children = (
				86466995283709D600734E6B /* ImagePostCell.swift */,
				86466996283709D600734E6B /* ImagePostCell.xib */,
			);
			path = ImagePost;
			sourceTree = "<group>";
		};
		86DA0D1B2839B4CA00EE646C /* Utils */ = {
			isa = PBXGroup;
			children = (
				86DA0D1C2839B4FE00EE646C /* ViewNewsModel.swift */,
			);
			path = Utils;
			sourceTree = "<group>";
		};
		BF5A3BC2E96C4E3FB6B559A7 /* Frameworks */ = {
			isa = PBXGroup;
			children = (
				24274EE7D1A6618A627C818D /* Pods_VKapp.framework */,
				C2A0AEA83A9AA1DD8581BB5C /* Pods_VKapp_VKappUITests.framework */,
				8FEA92D171E78321A499B64C /* Pods_VKappTests.framework */,
			);
			name = Frameworks;
			sourceTree = "<group>";
		};
		E2308F28E6E0B5A31AEBDD18 /* Pods */ = {
			isa = PBXGroup;
			children = (
				1244EF5CF4327CB57C9743F2 /* Pods-VKapp.debug.xcconfig */,
				160A790F5C5342ED50A2BF9C /* Pods-VKapp.release.xcconfig */,
				5612FFE5E3F79E8EAB7657AE /* Pods-VKapp-VKappUITests.debug.xcconfig */,
				36975DB567A5347FB3A0BE08 /* Pods-VKapp-VKappUITests.release.xcconfig */,
				4B737C0A5DE135B3C17FB474 /* Pods-VKappTests.debug.xcconfig */,
				6B2FB70243A9B7E0A88F1757 /* Pods-VKappTests.release.xcconfig */,
			);
			path = Pods;
			sourceTree = "<group>";
		};
		FA0346162768FA6C00DCBB60 /* Cell */ = {
			isa = PBXGroup;
			children = (
				FA0346192769008300DCBB60 /* AllCroupTableViewCell.swift */,
			);
			path = Cell;
			sourceTree = "<group>";
		};
		FA1600F2274F106200BF9C63 = {
			isa = PBXGroup;
			children = (
				FA1600FD274F106200BF9C63 /* VKapp */,
				FA1600FC274F106200BF9C63 /* Products */,
				E2308F28E6E0B5A31AEBDD18 /* Pods */,
				BF5A3BC2E96C4E3FB6B559A7 /* Frameworks */,
			);
			sourceTree = "<group>";
		};
		FA1600FC274F106200BF9C63 /* Products */ = {
			isa = PBXGroup;
			children = (
				FA1600FB274F106200BF9C63 /* VKapp.app */,
				FA160114274F106500BF9C63 /* VKappTests.xctest */,
				FA16011E274F106500BF9C63 /* VKappUITests.xctest */,
			);
			name = Products;
			sourceTree = "<group>";
		};
		FA1600FD274F106200BF9C63 /* VKapp */ = {
			isa = PBXGroup;
			children = (
				FAB7737827555D87007F37C1 /* ComponentsApp */,
				FA1600FE274F106200BF9C63 /* AppDelegate.swift */,
				FA23A8C9279033B000A7FC12 /* LoginVkController.swift */,
				FA160100274F106200BF9C63 /* SceneDelegate.swift */,
				FA160104274F106200BF9C63 /* Main.storyboard */,
				FA16010A274F106400BF9C63 /* Assets.xcassets */,
				FA16010C274F106400BF9C63 /* LaunchScreen.storyboard */,
				FA16010F274F106400BF9C63 /* Info.plist */,
				FA160107274F106200BF9C63 /* VKapp.xcdatamodeld */,
			);
			path = VKapp;
			sourceTree = "<group>";
		};
		FA29F308275A416D00BBB0EE /* Controllers */ = {
			isa = PBXGroup;
			children = (
				FADC7F74276A204600C81260 /* News */,
				FAA56C96275E46F4000DDB92 /* Group */,
				FAA56C95275E46E1000DDB92 /* Friends */,
			);
			path = Controllers;
			sourceTree = "<group>";
		};
		FA29F30A275A419100BBB0EE /* Model */ = {
			isa = PBXGroup;
			children = (
				FA17B83F27B5443600526EE1 /* UserModel.swift */,
				FA998ABC27C050EE0054B888 /* GroupModel.swift */,
				FA227BDF27C2DF1B00EBDE42 /* VideoModel.swift */,
				867753402817FAA800B3A9F9 /* LikesModel.swift */,
			);
			path = Model;
			sourceTree = "<group>";
		};
		FA29F30D275A429B00BBB0EE /* GroupTableView */ = {
			isa = PBXGroup;
			children = (
				FA29F30E275A42DE00BBB0EE /* GroupTableViewController.swift */,
				FA29F310275A430C00BBB0EE /* Cell */,
			);
			path = GroupTableView;
			sourceTree = "<group>";
		};
		FA29F310275A430C00BBB0EE /* Cell */ = {
			isa = PBXGroup;
			children = (
				FA29F311275A434200BBB0EE /* GroupTableViewCell.xib */,
				FA29F313275A435600BBB0EE /* GroupTableViewCell.swift */,
			);
			path = Cell;
			sourceTree = "<group>";
		};
		FA29F317275C634000BBB0EE /* FriendsCollectionViewController */ = {
			isa = PBXGroup;
			children = (
				FA29F31A275C63A500BBB0EE /* Cell */,
				FAA56C8D275E384D000DDB92 /* FriendscCollectionViewController.swift */,
			);
			path = FriendsCollectionViewController;
			sourceTree = "<group>";
		};
		FA29F31A275C63A500BBB0EE /* Cell */ = {
			isa = PBXGroup;
			children = (
				FAA56C8F275E446A000DDB92 /* FriendsViewCell.swift */,
				FAA56C90275E446A000DDB92 /* FriendsViewCell.xib */,
			);
			path = Cell;
			sourceTree = "<group>";
		};
		FA372B47276C104B00168776 /* Post */ = {
			isa = PBXGroup;
			children = (
				FAF15C2B2772271A006FC004 /* Comments */,
				FA372B48276C106600168776 /* PostViewController.swift */,
			);
			path = Post;
			sourceTree = "<group>";
		};
		FA581DCF2778BF4400D7483D /* CustomNavigationController */ = {
			isa = PBXGroup;
			children = (
				FA581DD42778C5EB00D7483D /* Animators */,
				FA581DD02778BF8C00D7483D /* CustomNavigationController.swift */,
				FA581DD22778C0E000D7483D /* InteractiveTransition.swift */,
			);
			path = CustomNavigationController;
			sourceTree = "<group>";
		};
		FA581DD42778C5EB00D7483D /* Animators */ = {
			isa = PBXGroup;
			children = (
				FA581DD52778C61400D7483D /* PushAnimator.swift */,
				FA581DD72778D3F300D7483D /* PopAnimator.swift */,
			);
			path = Animators;
			sourceTree = "<group>";
		};
		FAA56C95275E46E1000DDB92 /* Friends */ = {
			isa = PBXGroup;
			children = (
				FAA7EA832799722200F96AA2 /* Model */,
				FA29F317275C634000BBB0EE /* FriendsCollectionViewController */,
				FAB7737D27555DFA007F37C1 /* FriendsTableView */,
			);
			path = Friends;
			sourceTree = "<group>";
		};
		FAA56C96275E46F4000DDB92 /* Group */ = {
			isa = PBXGroup;
			children = (
				FAFF0D5D279C3A2F0051B993 /* Model */,
				FADEE0C3275FAD5F009BBFFF /* AllGroupTableView */,
				FA29F30D275A429B00BBB0EE /* GroupTableView */,
			);
			path = Group;
			sourceTree = "<group>";
		};
		FAA7EA832799722200F96AA2 /* Model */ = {
			isa = PBXGroup;
			children = (
				FAA7EA7F279968FF00F96AA2 /* FriendModel.swift */,
				FAFF0D65279D84210051B993 /* FriendPhotosModel.swift */,
			);
			path = Model;
			sourceTree = "<group>";
		};
		FAB7737827555D87007F37C1 /* ComponentsApp */ = {
			isa = PBXGroup;
			children = (
				8643D4A8282DC1050042332D /* Operations */,
				FACFFEB22781E1F0009B46DB /* ServerClient */,
				FA581DCF2778BF4400D7483D /* CustomNavigationController */,
				FA29F30A275A419100BBB0EE /* Model */,
				FA29F308275A416D00BBB0EE /* Controllers */,
				FA581DD92778F8F700D7483D /* AppUtility.swift */,
			);
			path = ComponentsApp;
			sourceTree = "<group>";
		};
		FAB7737927555DA5007F37C1 /* Cell */ = {
			isa = PBXGroup;
			children = (
				FAB77380275564DE007F37C1 /* FriendsTableViewCell.swift */,
				FAB7738427556653007F37C1 /* FriendsTableViewCell.xib */,
			);
			path = Cell;
			sourceTree = "<group>";
		};
		FAB7737D27555DFA007F37C1 /* FriendsTableView */ = {
			isa = PBXGroup;
			children = (
				FAA56C97275E4742000DDB92 /* FriendsTableViewController.swift */,
				FAB7737927555DA5007F37C1 /* Cell */,
			);
			path = FriendsTableView;
			sourceTree = "<group>";
		};
		FACFFEB22781E1F0009B46DB /* ServerClient */ = {
			isa = PBXGroup;
			children = (
				FAD579B027955F6700E35E20 /* RequestsServer.swift */,
				FACFFEB32781E3C9009B46DB /* Session.swift */,
				FAA7EA7D279964F000F96AA2 /* ImageLoader.swift */,
				FA9F079D27A7429400BB129C /* RealmCacheService.swift */,
				865F2BD1281BBCF00045B076 /* ConfigureUrl.swift */,
			);
			path = ServerClient;
			sourceTree = "<group>";
		};
		FAD04F1827B0E106006B4233 /* Model */ = {
			isa = PBXGroup;
			children = (
				FAD04F1927B0E127006B4233 /* NewsModel.swift */,
			);
			path = Model;
			sourceTree = "<group>";
		};
		FADC7F74276A204600C81260 /* News */ = {
			isa = PBXGroup;
			children = (
				FAD04F1827B0E106006B4233 /* Model */,
				FA372B47276C104B00168776 /* Post */,
				FADC7F77276A208B00C81260 /* Cell */,
				FADC7F75276A208600C81260 /* NewsTableViewController.swift */,
			);
			path = News;
			sourceTree = "<group>";
		};
		FADC7F77276A208B00C81260 /* Cell */ = {
			isa = PBXGroup;
			children = (
				86DA0D1B2839B4CA00EE646C /* Utils */,
				86466986283705F700734E6B /* CopyHistory */,
				86466985283705EC00734E6B /* Attachments */,
			);
			path = Cell;
			sourceTree = "<group>";
		};
		FADEE0C3275FAD5F009BBFFF /* AllGroupTableView */ = {
			isa = PBXGroup;
			children = (
				FADEE0C4275FAD94009BBFFF /* AllGroupTableViewController.swift */,
				FA0346162768FA6C00DCBB60 /* Cell */,
			);
			path = AllGroupTableView;
			sourceTree = "<group>";
		};
		FAF15C2B2772271A006FC004 /* Comments */ = {
			isa = PBXGroup;
			children = (
				FAF15C2E277228FF006FC004 /* CommentTableViewCell.swift */,
			);
			path = Comments;
			sourceTree = "<group>";
		};
		FAFF0D5D279C3A2F0051B993 /* Model */ = {
			isa = PBXGroup;
			children = (
				FAFF0D5E279C3A550051B993 /* GroupsModel.swift */,
			);
			path = Model;
			sourceTree = "<group>";
		};
/* End PBXGroup section */

/* Begin PBXNativeTarget section */
		FA1600FA274F106200BF9C63 /* VKapp */ = {
			isa = PBXNativeTarget;
			buildConfigurationList = FA160128274F106500BF9C63 /* Build configuration list for PBXNativeTarget "VKapp" */;
			buildPhases = (
				FD4BD483888139E8ACDBF078 /* [CP] Check Pods Manifest.lock */,
				FA1600F7274F106200BF9C63 /* Sources */,
				FA1600F8274F106200BF9C63 /* Frameworks */,
				FA1600F9274F106200BF9C63 /* Resources */,
				38C799F7550955B2A0A1CBED /* [CP] Embed Pods Frameworks */,
			);
			buildRules = (
			);
			dependencies = (
			);
			name = VKapp;
			productName = VKapp;
			productReference = FA1600FB274F106200BF9C63 /* VKapp.app */;
			productType = "com.apple.product-type.application";
		};
		FA160113274F106500BF9C63 /* VKappTests */ = {
			isa = PBXNativeTarget;
			buildConfigurationList = FA16012B274F106500BF9C63 /* Build configuration list for PBXNativeTarget "VKappTests" */;
			buildPhases = (
				7E3F4F49200ABF2CD622D9E1 /* [CP] Check Pods Manifest.lock */,
				FA160110274F106500BF9C63 /* Sources */,
				FA160111274F106500BF9C63 /* Frameworks */,
				FA160112274F106500BF9C63 /* Resources */,
			);
			buildRules = (
			);
			dependencies = (
				FA160116274F106500BF9C63 /* PBXTargetDependency */,
			);
			name = VKappTests;
			productName = VKappTests;
			productReference = FA160114274F106500BF9C63 /* VKappTests.xctest */;
			productType = "com.apple.product-type.bundle.unit-test";
		};
		FA16011D274F106500BF9C63 /* VKappUITests */ = {
			isa = PBXNativeTarget;
			buildConfigurationList = FA16012E274F106500BF9C63 /* Build configuration list for PBXNativeTarget "VKappUITests" */;
			buildPhases = (
				2C0598E4DAC017C0986DEB25 /* [CP] Check Pods Manifest.lock */,
				FA16011A274F106500BF9C63 /* Sources */,
				FA16011B274F106500BF9C63 /* Frameworks */,
				FA16011C274F106500BF9C63 /* Resources */,
				087FD6B6FB062AF4AD4EAA87 /* [CP] Embed Pods Frameworks */,
			);
			buildRules = (
			);
			dependencies = (
				FA160120274F106500BF9C63 /* PBXTargetDependency */,
			);
			name = VKappUITests;
			productName = VKappUITests;
			productReference = FA16011E274F106500BF9C63 /* VKappUITests.xctest */;
			productType = "com.apple.product-type.bundle.ui-testing";
		};
/* End PBXNativeTarget section */

/* Begin PBXProject section */
		FA1600F3274F106200BF9C63 /* Project object */ = {
			isa = PBXProject;
			attributes = {
				BuildIndependentTargetsInParallel = 1;
				LastSwiftUpdateCheck = 1310;
				LastUpgradeCheck = 1310;
				TargetAttributes = {
					FA1600FA274F106200BF9C63 = {
						CreatedOnToolsVersion = 13.1;
					};
					FA160113274F106500BF9C63 = {
						CreatedOnToolsVersion = 13.1;
						TestTargetID = FA1600FA274F106200BF9C63;
					};
					FA16011D274F106500BF9C63 = {
						CreatedOnToolsVersion = 13.1;
						TestTargetID = FA1600FA274F106200BF9C63;
					};
				};
			};
			buildConfigurationList = FA1600F6274F106200BF9C63 /* Build configuration list for PBXProject "VKapp" */;
			compatibilityVersion = "Xcode 13.0";
			developmentRegion = en;
			hasScannedForEncodings = 0;
			knownRegions = (
				en,
				Base,
			);
			mainGroup = FA1600F2274F106200BF9C63;
			productRefGroup = FA1600FC274F106200BF9C63 /* Products */;
			projectDirPath = "";
			projectRoot = "";
			targets = (
				FA1600FA274F106200BF9C63 /* VKapp */,
				FA160113274F106500BF9C63 /* VKappTests */,
				FA16011D274F106500BF9C63 /* VKappUITests */,
			);
		};
/* End PBXProject section */

/* Begin PBXResourcesBuildPhase section */
		FA1600F9274F106200BF9C63 /* Resources */ = {
			isa = PBXResourcesBuildPhase;
			buildActionMask = 2147483647;
			files = (
				FAA56C92275E446A000DDB92 /* FriendsViewCell.xib in Resources */,
				FA16010E274F106400BF9C63 /* LaunchScreen.storyboard in Resources */,
				864669902837097E00734E6B /* VideoPostCell.xib in Resources */,
				86466998283709D600734E6B /* ImagePostCell.xib in Resources */,
				864669942837099300734E6B /* TextPostCell.xib in Resources */,
				FA29F312275A434200BBB0EE /* GroupTableViewCell.xib in Resources */,
				864669A428370A2100734E6B /* VideoRePostCell.xib in Resources */,
				FA16010B274F106400BF9C63 /* Assets.xcassets in Resources */,
				864669A028370A0800734E6B /* TextRePostCell.xib in Resources */,
				FA160106274F106200BF9C63 /* Main.storyboard in Resources */,
				FAB7738527556653007F37C1 /* FriendsTableViewCell.xib in Resources */,
				8646699C283709EB00734E6B /* ImageRePostCell.xib in Resources */,
			);
			runOnlyForDeploymentPostprocessing = 0;
		};
		FA160112274F106500BF9C63 /* Resources */ = {
			isa = PBXResourcesBuildPhase;
			buildActionMask = 2147483647;
			files = (
			);
			runOnlyForDeploymentPostprocessing = 0;
		};
		FA16011C274F106500BF9C63 /* Resources */ = {
			isa = PBXResourcesBuildPhase;
			buildActionMask = 2147483647;
			files = (
			);
			runOnlyForDeploymentPostprocessing = 0;
		};
/* End PBXResourcesBuildPhase section */

/* Begin PBXShellScriptBuildPhase section */
		087FD6B6FB062AF4AD4EAA87 /* [CP] Embed Pods Frameworks */ = {
			isa = PBXShellScriptBuildPhase;
			buildActionMask = 2147483647;
			files = (
			);
			inputFileListPaths = (
				"${PODS_ROOT}/Target Support Files/Pods-VKapp-VKappUITests/Pods-VKapp-VKappUITests-frameworks-${CONFIGURATION}-input-files.xcfilelist",
			);
			name = "[CP] Embed Pods Frameworks";
			outputFileListPaths = (
				"${PODS_ROOT}/Target Support Files/Pods-VKapp-VKappUITests/Pods-VKapp-VKappUITests-frameworks-${CONFIGURATION}-output-files.xcfilelist",
			);
			runOnlyForDeploymentPostprocessing = 0;
			shellPath = /bin/sh;
			shellScript = "\"${PODS_ROOT}/Target Support Files/Pods-VKapp-VKappUITests/Pods-VKapp-VKappUITests-frameworks.sh\"\n";
			showEnvVarsInLog = 0;
		};
		2C0598E4DAC017C0986DEB25 /* [CP] Check Pods Manifest.lock */ = {
			isa = PBXShellScriptBuildPhase;
			buildActionMask = 2147483647;
			files = (
			);
			inputFileListPaths = (
			);
			inputPaths = (
				"${PODS_PODFILE_DIR_PATH}/Podfile.lock",
				"${PODS_ROOT}/Manifest.lock",
			);
			name = "[CP] Check Pods Manifest.lock";
			outputFileListPaths = (
			);
			outputPaths = (
				"$(DERIVED_FILE_DIR)/Pods-VKapp-VKappUITests-checkManifestLockResult.txt",
			);
			runOnlyForDeploymentPostprocessing = 0;
			shellPath = /bin/sh;
			shellScript = "diff \"${PODS_PODFILE_DIR_PATH}/Podfile.lock\" \"${PODS_ROOT}/Manifest.lock\" > /dev/null\nif [ $? != 0 ] ; then\n    # print error to STDERR\n    echo \"error: The sandbox is not in sync with the Podfile.lock. Run 'pod install' or update your CocoaPods installation.\" >&2\n    exit 1\nfi\n# This output is used by Xcode 'outputs' to avoid re-running this script phase.\necho \"SUCCESS\" > \"${SCRIPT_OUTPUT_FILE_0}\"\n";
			showEnvVarsInLog = 0;
		};
		38C799F7550955B2A0A1CBED /* [CP] Embed Pods Frameworks */ = {
			isa = PBXShellScriptBuildPhase;
			buildActionMask = 2147483647;
			files = (
			);
			inputFileListPaths = (
				"${PODS_ROOT}/Target Support Files/Pods-VKapp/Pods-VKapp-frameworks-${CONFIGURATION}-input-files.xcfilelist",
			);
			name = "[CP] Embed Pods Frameworks";
			outputFileListPaths = (
				"${PODS_ROOT}/Target Support Files/Pods-VKapp/Pods-VKapp-frameworks-${CONFIGURATION}-output-files.xcfilelist",
			);
			runOnlyForDeploymentPostprocessing = 0;
			shellPath = /bin/sh;
			shellScript = "\"${PODS_ROOT}/Target Support Files/Pods-VKapp/Pods-VKapp-frameworks.sh\"\n";
			showEnvVarsInLog = 0;
		};
		7E3F4F49200ABF2CD622D9E1 /* [CP] Check Pods Manifest.lock */ = {
			isa = PBXShellScriptBuildPhase;
			buildActionMask = 2147483647;
			files = (
			);
			inputFileListPaths = (
			);
			inputPaths = (
				"${PODS_PODFILE_DIR_PATH}/Podfile.lock",
				"${PODS_ROOT}/Manifest.lock",
			);
			name = "[CP] Check Pods Manifest.lock";
			outputFileListPaths = (
			);
			outputPaths = (
				"$(DERIVED_FILE_DIR)/Pods-VKappTests-checkManifestLockResult.txt",
			);
			runOnlyForDeploymentPostprocessing = 0;
			shellPath = /bin/sh;
			shellScript = "diff \"${PODS_PODFILE_DIR_PATH}/Podfile.lock\" \"${PODS_ROOT}/Manifest.lock\" > /dev/null\nif [ $? != 0 ] ; then\n    # print error to STDERR\n    echo \"error: The sandbox is not in sync with the Podfile.lock. Run 'pod install' or update your CocoaPods installation.\" >&2\n    exit 1\nfi\n# This output is used by Xcode 'outputs' to avoid re-running this script phase.\necho \"SUCCESS\" > \"${SCRIPT_OUTPUT_FILE_0}\"\n";
			showEnvVarsInLog = 0;
		};
		FD4BD483888139E8ACDBF078 /* [CP] Check Pods Manifest.lock */ = {
			isa = PBXShellScriptBuildPhase;
			buildActionMask = 2147483647;
			files = (
			);
			inputFileListPaths = (
			);
			inputPaths = (
				"${PODS_PODFILE_DIR_PATH}/Podfile.lock",
				"${PODS_ROOT}/Manifest.lock",
			);
			name = "[CP] Check Pods Manifest.lock";
			outputFileListPaths = (
			);
			outputPaths = (
				"$(DERIVED_FILE_DIR)/Pods-VKapp-checkManifestLockResult.txt",
			);
			runOnlyForDeploymentPostprocessing = 0;
			shellPath = /bin/sh;
			shellScript = "diff \"${PODS_PODFILE_DIR_PATH}/Podfile.lock\" \"${PODS_ROOT}/Manifest.lock\" > /dev/null\nif [ $? != 0 ] ; then\n    # print error to STDERR\n    echo \"error: The sandbox is not in sync with the Podfile.lock. Run 'pod install' or update your CocoaPods installation.\" >&2\n    exit 1\nfi\n# This output is used by Xcode 'outputs' to avoid re-running this script phase.\necho \"SUCCESS\" > \"${SCRIPT_OUTPUT_FILE_0}\"\n";
			showEnvVarsInLog = 0;
		};
/* End PBXShellScriptBuildPhase section */

/* Begin PBXSourcesBuildPhase section */
		FA1600F7274F106200BF9C63 /* Sources */ = {
			isa = PBXSourcesBuildPhase;
			buildActionMask = 2147483647;
			files = (
				864669932837099300734E6B /* TextPostCell.swift in Sources */,
				86466997283709D600734E6B /* ImagePostCell.swift in Sources */,
				867753412817FAA800B3A9F9 /* LikesModel.swift in Sources */,
				FAFF0D66279D84210051B993 /* FriendPhotosModel.swift in Sources */,
				FA581DDA2778F8F700D7483D /* AppUtility.swift in Sources */,
				FA160109274F106200BF9C63 /* VKapp.xcdatamodeld in Sources */,
				FA581DD82778D3F300D7483D /* PopAnimator.swift in Sources */,
				FAA7EA7E279964F000F96AA2 /* ImageLoader.swift in Sources */,
				8646699B283709EB00734E6B /* ImageRePostCell.swift in Sources */,
				8643D4AE282DC1580042332D /* ParseData.swift in Sources */,
				FAA56C98275E4742000DDB92 /* FriendsTableViewController.swift in Sources */,
				FAA56C91275E446A000DDB92 /* FriendsViewCell.swift in Sources */,
				FAF15C2F277228FF006FC004 /* CommentTableViewCell.swift in Sources */,
				864669A328370A2100734E6B /* VideoRePostCell.swift in Sources */,
				FA581DD62778C61400D7483D /* PushAnimator.swift in Sources */,
				FA17B84027B5443600526EE1 /* UserModel.swift in Sources */,
				FAFF0D5F279C3A550051B993 /* GroupsModel.swift in Sources */,
				FAA56C8E275E384D000DDB92 /* FriendscCollectionViewController.swift in Sources */,
				FA03461B2769008300DCBB60 /* AllCroupTableViewCell.swift in Sources */,
				FADEE0C5275FAD94009BBFFF /* AllGroupTableViewController.swift in Sources */,
				FA9F079E27A7429400BB129C /* RealmCacheService.swift in Sources */,
				FA581DD32778C0E000D7483D /* InteractiveTransition.swift in Sources */,
				FA581DD12778BF8C00D7483D /* CustomNavigationController.swift in Sources */,
				FAB77381275564DE007F37C1 /* FriendsTableViewCell.swift in Sources */,
				8643D4AC282DC1320042332D /* AsyncOperation.swift in Sources */,
				FA23A8CA279033B000A7FC12 /* LoginVkController.swift in Sources */,
				8643D4B0282DC1680042332D /* ReloadTableController.swift in Sources */,
				FA1600FF274F106200BF9C63 /* AppDelegate.swift in Sources */,
				FA372B49276C106600168776 /* PostViewController.swift in Sources */,
				FACFFEB42781E3C9009B46DB /* Session.swift in Sources */,
				FAD04F1A27B0E127006B4233 /* NewsModel.swift in Sources */,
				FADC7F76276A208600C81260 /* NewsTableViewController.swift in Sources */,
				8646698F2837097E00734E6B /* VideoPostCell.swift in Sources */,
				FA160101274F106200BF9C63 /* SceneDelegate.swift in Sources */,
				8646699F28370A0800734E6B /* TextRePostCell.swift in Sources */,
				FAA7EA80279968FF00F96AA2 /* FriendModel.swift in Sources */,
				86DA0D1D2839B4FE00EE646C /* ViewNewsModel.swift in Sources */,
				FA998ABD27C050EE0054B888 /* GroupModel.swift in Sources */,
				FA227BE027C2DF1B00EBDE42 /* VideoModel.swift in Sources */,
				FA29F30F275A42DE00BBB0EE /* GroupTableViewController.swift in Sources */,
				8643D4AA282DC1190042332D /* GetDataOperation.swift in Sources */,
				FA29F314275A435600BBB0EE /* GroupTableViewCell.swift in Sources */,
				865F2BD2281BBCF00045B076 /* ConfigureUrl.swift in Sources */,
				FAD579B127955F6700E35E20 /* RequestsServer.swift in Sources */,
			);
			runOnlyForDeploymentPostprocessing = 0;
		};
		FA160110274F106500BF9C63 /* Sources */ = {
			isa = PBXSourcesBuildPhase;
			buildActionMask = 2147483647;
			files = (
			);
			runOnlyForDeploymentPostprocessing = 0;
		};
		FA16011A274F106500BF9C63 /* Sources */ = {
			isa = PBXSourcesBuildPhase;
			buildActionMask = 2147483647;
			files = (
			);
			runOnlyForDeploymentPostprocessing = 0;
		};
/* End PBXSourcesBuildPhase section */

/* Begin PBXTargetDependency section */
		FA160116274F106500BF9C63 /* PBXTargetDependency */ = {
			isa = PBXTargetDependency;
			target = FA1600FA274F106200BF9C63 /* VKapp */;
			targetProxy = FA160115274F106500BF9C63 /* PBXContainerItemProxy */;
		};
		FA160120274F106500BF9C63 /* PBXTargetDependency */ = {
			isa = PBXTargetDependency;
			target = FA1600FA274F106200BF9C63 /* VKapp */;
			targetProxy = FA16011F274F106500BF9C63 /* PBXContainerItemProxy */;
		};
/* End PBXTargetDependency section */

/* Begin PBXVariantGroup section */
		FA160104274F106200BF9C63 /* Main.storyboard */ = {
			isa = PBXVariantGroup;
			children = (
				FA160105274F106200BF9C63 /* Base */,
			);
			name = Main.storyboard;
			sourceTree = "<group>";
		};
		FA16010C274F106400BF9C63 /* LaunchScreen.storyboard */ = {
			isa = PBXVariantGroup;
			children = (
				FA16010D274F106400BF9C63 /* Base */,
			);
			name = LaunchScreen.storyboard;
			sourceTree = "<group>";
		};
/* End PBXVariantGroup section */

/* Begin XCBuildConfiguration section */
		FA160126274F106500BF9C63 /* Debug */ = {
			isa = XCBuildConfiguration;
			buildSettings = {
				ALWAYS_SEARCH_USER_PATHS = NO;
				CLANG_ANALYZER_NONNULL = YES;
				CLANG_ANALYZER_NUMBER_OBJECT_CONVERSION = YES_AGGRESSIVE;
				CLANG_CXX_LANGUAGE_STANDARD = "gnu++17";
				CLANG_CXX_LIBRARY = "libc++";
				CLANG_ENABLE_MODULES = YES;
				CLANG_ENABLE_OBJC_ARC = YES;
				CLANG_ENABLE_OBJC_WEAK = YES;
				CLANG_WARN_BLOCK_CAPTURE_AUTORELEASING = YES;
				CLANG_WARN_BOOL_CONVERSION = YES;
				CLANG_WARN_COMMA = YES;
				CLANG_WARN_CONSTANT_CONVERSION = YES;
				CLANG_WARN_DEPRECATED_OBJC_IMPLEMENTATIONS = YES;
				CLANG_WARN_DIRECT_OBJC_ISA_USAGE = YES_ERROR;
				CLANG_WARN_DOCUMENTATION_COMMENTS = YES;
				CLANG_WARN_EMPTY_BODY = YES;
				CLANG_WARN_ENUM_CONVERSION = YES;
				CLANG_WARN_INFINITE_RECURSION = YES;
				CLANG_WARN_INT_CONVERSION = YES;
				CLANG_WARN_NON_LITERAL_NULL_CONVERSION = YES;
				CLANG_WARN_OBJC_IMPLICIT_RETAIN_SELF = YES;
				CLANG_WARN_OBJC_LITERAL_CONVERSION = YES;
				CLANG_WARN_OBJC_ROOT_CLASS = YES_ERROR;
				CLANG_WARN_QUOTED_INCLUDE_IN_FRAMEWORK_HEADER = YES;
				CLANG_WARN_RANGE_LOOP_ANALYSIS = YES;
				CLANG_WARN_STRICT_PROTOTYPES = YES;
				CLANG_WARN_SUSPICIOUS_MOVE = YES;
				CLANG_WARN_UNGUARDED_AVAILABILITY = YES_AGGRESSIVE;
				CLANG_WARN_UNREACHABLE_CODE = YES;
				CLANG_WARN__DUPLICATE_METHOD_MATCH = YES;
				COPY_PHASE_STRIP = NO;
				DEBUG_INFORMATION_FORMAT = dwarf;
				ENABLE_STRICT_OBJC_MSGSEND = YES;
				ENABLE_TESTABILITY = YES;
				GCC_C_LANGUAGE_STANDARD = gnu11;
				GCC_DYNAMIC_NO_PIC = NO;
				GCC_NO_COMMON_BLOCKS = YES;
				GCC_OPTIMIZATION_LEVEL = 0;
				GCC_PREPROCESSOR_DEFINITIONS = (
					"DEBUG=1",
					"$(inherited)",
				);
				GCC_WARN_64_TO_32_BIT_CONVERSION = YES;
				GCC_WARN_ABOUT_RETURN_TYPE = YES_ERROR;
				GCC_WARN_UNDECLARED_SELECTOR = YES;
				GCC_WARN_UNINITIALIZED_AUTOS = YES_AGGRESSIVE;
				GCC_WARN_UNUSED_FUNCTION = YES;
				GCC_WARN_UNUSED_VARIABLE = YES;
				IPHONEOS_DEPLOYMENT_TARGET = 15.0;
				MTL_ENABLE_DEBUG_INFO = INCLUDE_SOURCE;
				MTL_FAST_MATH = YES;
				ONLY_ACTIVE_ARCH = YES;
				SDKROOT = iphoneos;
				SWIFT_ACTIVE_COMPILATION_CONDITIONS = DEBUG;
				SWIFT_OPTIMIZATION_LEVEL = "-Onone";
			};
			name = Debug;
		};
		FA160127274F106500BF9C63 /* Release */ = {
			isa = XCBuildConfiguration;
			buildSettings = {
				ALWAYS_SEARCH_USER_PATHS = NO;
				CLANG_ANALYZER_NONNULL = YES;
				CLANG_ANALYZER_NUMBER_OBJECT_CONVERSION = YES_AGGRESSIVE;
				CLANG_CXX_LANGUAGE_STANDARD = "gnu++17";
				CLANG_CXX_LIBRARY = "libc++";
				CLANG_ENABLE_MODULES = YES;
				CLANG_ENABLE_OBJC_ARC = YES;
				CLANG_ENABLE_OBJC_WEAK = YES;
				CLANG_WARN_BLOCK_CAPTURE_AUTORELEASING = YES;
				CLANG_WARN_BOOL_CONVERSION = YES;
				CLANG_WARN_COMMA = YES;
				CLANG_WARN_CONSTANT_CONVERSION = YES;
				CLANG_WARN_DEPRECATED_OBJC_IMPLEMENTATIONS = YES;
				CLANG_WARN_DIRECT_OBJC_ISA_USAGE = YES_ERROR;
				CLANG_WARN_DOCUMENTATION_COMMENTS = YES;
				CLANG_WARN_EMPTY_BODY = YES;
				CLANG_WARN_ENUM_CONVERSION = YES;
				CLANG_WARN_INFINITE_RECURSION = YES;
				CLANG_WARN_INT_CONVERSION = YES;
				CLANG_WARN_NON_LITERAL_NULL_CONVERSION = YES;
				CLANG_WARN_OBJC_IMPLICIT_RETAIN_SELF = YES;
				CLANG_WARN_OBJC_LITERAL_CONVERSION = YES;
				CLANG_WARN_OBJC_ROOT_CLASS = YES_ERROR;
				CLANG_WARN_QUOTED_INCLUDE_IN_FRAMEWORK_HEADER = YES;
				CLANG_WARN_RANGE_LOOP_ANALYSIS = YES;
				CLANG_WARN_STRICT_PROTOTYPES = YES;
				CLANG_WARN_SUSPICIOUS_MOVE = YES;
				CLANG_WARN_UNGUARDED_AVAILABILITY = YES_AGGRESSIVE;
				CLANG_WARN_UNREACHABLE_CODE = YES;
				CLANG_WARN__DUPLICATE_METHOD_MATCH = YES;
				COPY_PHASE_STRIP = NO;
				DEBUG_INFORMATION_FORMAT = "dwarf-with-dsym";
				ENABLE_NS_ASSERTIONS = NO;
				ENABLE_STRICT_OBJC_MSGSEND = YES;
				GCC_C_LANGUAGE_STANDARD = gnu11;
				GCC_NO_COMMON_BLOCKS = YES;
				GCC_WARN_64_TO_32_BIT_CONVERSION = YES;
				GCC_WARN_ABOUT_RETURN_TYPE = YES_ERROR;
				GCC_WARN_UNDECLARED_SELECTOR = YES;
				GCC_WARN_UNINITIALIZED_AUTOS = YES_AGGRESSIVE;
				GCC_WARN_UNUSED_FUNCTION = YES;
				GCC_WARN_UNUSED_VARIABLE = YES;
				IPHONEOS_DEPLOYMENT_TARGET = 15.0;
				MTL_ENABLE_DEBUG_INFO = NO;
				MTL_FAST_MATH = YES;
				SDKROOT = iphoneos;
				SWIFT_COMPILATION_MODE = wholemodule;
				SWIFT_OPTIMIZATION_LEVEL = "-O";
				VALIDATE_PRODUCT = YES;
			};
			name = Release;
		};
		FA160129274F106500BF9C63 /* Debug */ = {
			isa = XCBuildConfiguration;
			baseConfigurationReference = 1244EF5CF4327CB57C9743F2 /* Pods-VKapp.debug.xcconfig */;
			buildSettings = {
				ASSETCATALOG_COMPILER_APPICON_NAME = AppIcon;
				ASSETCATALOG_COMPILER_GLOBAL_ACCENT_COLOR_NAME = "";
				CODE_SIGN_STYLE = Automatic;
				CURRENT_PROJECT_VERSION = 1;
				DEVELOPMENT_TEAM = 7RQ87S3853;
				GENERATE_INFOPLIST_FILE = YES;
				INFOPLIST_FILE = VKapp/Info.plist;
				INFOPLIST_KEY_UIApplicationSupportsIndirectInputEvents = YES;
				INFOPLIST_KEY_UILaunchStoryboardName = LaunchScreen;
				INFOPLIST_KEY_UIMainStoryboardFile = Main;
				INFOPLIST_KEY_UIRequiresFullScreen = YES;
				INFOPLIST_KEY_UISupportedInterfaceOrientations = UIInterfaceOrientationPortrait;
				INFOPLIST_KEY_UISupportedInterfaceOrientations_iPad = UIInterfaceOrientationPortrait;
				INFOPLIST_KEY_UISupportedInterfaceOrientations_iPhone = UIInterfaceOrientationPortrait;
				LD_RUNPATH_SEARCH_PATHS = (
					"$(inherited)",
					"@executable_path/Frameworks",
				);
				MARKETING_VERSION = 1.0;
				PRODUCT_BUNDLE_IDENTIFIER = com.VKapps.VKapps;
				PRODUCT_NAME = "$(TARGET_NAME)";
				STRIP_INSTALLED_PRODUCT = YES;
				SWIFT_EMIT_LOC_STRINGS = YES;
				SWIFT_VERSION = 5.0;
				TARGETED_DEVICE_FAMILY = 1;
			};
			name = Debug;
		};
		FA16012A274F106500BF9C63 /* Release */ = {
			isa = XCBuildConfiguration;
			baseConfigurationReference = 160A790F5C5342ED50A2BF9C /* Pods-VKapp.release.xcconfig */;
			buildSettings = {
				ASSETCATALOG_COMPILER_APPICON_NAME = AppIcon;
				ASSETCATALOG_COMPILER_GLOBAL_ACCENT_COLOR_NAME = "";
				CODE_SIGN_STYLE = Automatic;
				CURRENT_PROJECT_VERSION = 1;
				DEVELOPMENT_TEAM = 7RQ87S3853;
				GENERATE_INFOPLIST_FILE = YES;
				INFOPLIST_FILE = VKapp/Info.plist;
				INFOPLIST_KEY_UIApplicationSupportsIndirectInputEvents = YES;
				INFOPLIST_KEY_UILaunchStoryboardName = LaunchScreen;
				INFOPLIST_KEY_UIMainStoryboardFile = Main;
				INFOPLIST_KEY_UIRequiresFullScreen = YES;
				INFOPLIST_KEY_UISupportedInterfaceOrientations = UIInterfaceOrientationPortrait;
				INFOPLIST_KEY_UISupportedInterfaceOrientations_iPad = UIInterfaceOrientationPortrait;
				INFOPLIST_KEY_UISupportedInterfaceOrientations_iPhone = UIInterfaceOrientationPortrait;
				LD_RUNPATH_SEARCH_PATHS = (
					"$(inherited)",
					"@executable_path/Frameworks",
				);
				MARKETING_VERSION = 1.0;
				PRODUCT_BUNDLE_IDENTIFIER = com.VKapps.VKapps;
				PRODUCT_NAME = "$(TARGET_NAME)";
				STRIP_INSTALLED_PRODUCT = YES;
				SWIFT_EMIT_LOC_STRINGS = YES;
				SWIFT_VERSION = 5.0;
				TARGETED_DEVICE_FAMILY = 1;
			};
			name = Release;
		};
		FA16012C274F106500BF9C63 /* Debug */ = {
			isa = XCBuildConfiguration;
			baseConfigurationReference = 4B737C0A5DE135B3C17FB474 /* Pods-VKappTests.debug.xcconfig */;
			buildSettings = {
				ALWAYS_EMBED_SWIFT_STANDARD_LIBRARIES = YES;
				BUNDLE_LOADER = "$(TEST_HOST)";
				CODE_SIGN_STYLE = Automatic;
				CURRENT_PROJECT_VERSION = 1;
				DEVELOPMENT_TEAM = 7RQ87S3853;
				GENERATE_INFOPLIST_FILE = YES;
				IPHONEOS_DEPLOYMENT_TARGET = 15.0;
				LD_RUNPATH_SEARCH_PATHS = (
					"$(inherited)",
					"@executable_path/Frameworks",
					"@loader_path/Frameworks",
				);
				MARKETING_VERSION = 1.0;
				PRODUCT_BUNDLE_IDENTIFIER = com.VKapp.VKappTests;
				PRODUCT_NAME = "$(TARGET_NAME)";
				SWIFT_EMIT_LOC_STRINGS = NO;
				SWIFT_VERSION = 5.0;
				TARGETED_DEVICE_FAMILY = "1,2";
				TEST_HOST = "$(BUILT_PRODUCTS_DIR)/VKapp.app/VKapp";
			};
			name = Debug;
		};
		FA16012D274F106500BF9C63 /* Release */ = {
			isa = XCBuildConfiguration;
			baseConfigurationReference = 6B2FB70243A9B7E0A88F1757 /* Pods-VKappTests.release.xcconfig */;
			buildSettings = {
				ALWAYS_EMBED_SWIFT_STANDARD_LIBRARIES = YES;
				BUNDLE_LOADER = "$(TEST_HOST)";
				CODE_SIGN_STYLE = Automatic;
				CURRENT_PROJECT_VERSION = 1;
				DEVELOPMENT_TEAM = 7RQ87S3853;
				GENERATE_INFOPLIST_FILE = YES;
				IPHONEOS_DEPLOYMENT_TARGET = 15.0;
				LD_RUNPATH_SEARCH_PATHS = (
					"$(inherited)",
					"@executable_path/Frameworks",
					"@loader_path/Frameworks",
				);
				MARKETING_VERSION = 1.0;
				PRODUCT_BUNDLE_IDENTIFIER = com.VKapp.VKappTests;
				PRODUCT_NAME = "$(TARGET_NAME)";
				SWIFT_EMIT_LOC_STRINGS = NO;
				SWIFT_VERSION = 5.0;
				TARGETED_DEVICE_FAMILY = "1,2";
				TEST_HOST = "$(BUILT_PRODUCTS_DIR)/VKapp.app/VKapp";
			};
			name = Release;
		};
		FA16012F274F106500BF9C63 /* Debug */ = {
			isa = XCBuildConfiguration;
			baseConfigurationReference = 5612FFE5E3F79E8EAB7657AE /* Pods-VKapp-VKappUITests.debug.xcconfig */;
			buildSettings = {
				ALWAYS_EMBED_SWIFT_STANDARD_LIBRARIES = YES;
				CODE_SIGN_STYLE = Automatic;
				CURRENT_PROJECT_VERSION = 1;
				DEVELOPMENT_TEAM = 7RQ87S3853;
				GENERATE_INFOPLIST_FILE = YES;
				LD_RUNPATH_SEARCH_PATHS = (
					"$(inherited)",
					"@executable_path/Frameworks",
					"@loader_path/Frameworks",
				);
				MARKETING_VERSION = 1.0;
				PRODUCT_BUNDLE_IDENTIFIER = com.VKapp.VKappUITests;
				PRODUCT_NAME = "$(TARGET_NAME)";
				SWIFT_EMIT_LOC_STRINGS = NO;
				SWIFT_VERSION = 5.0;
				TARGETED_DEVICE_FAMILY = "1,2";
				TEST_TARGET_NAME = VKapp;
			};
			name = Debug;
		};
		FA160130274F106500BF9C63 /* Release */ = {
			isa = XCBuildConfiguration;
			baseConfigurationReference = 36975DB567A5347FB3A0BE08 /* Pods-VKapp-VKappUITests.release.xcconfig */;
			buildSettings = {
				ALWAYS_EMBED_SWIFT_STANDARD_LIBRARIES = YES;
				CODE_SIGN_STYLE = Automatic;
				CURRENT_PROJECT_VERSION = 1;
				DEVELOPMENT_TEAM = 7RQ87S3853;
				GENERATE_INFOPLIST_FILE = YES;
				LD_RUNPATH_SEARCH_PATHS = (
					"$(inherited)",
					"@executable_path/Frameworks",
					"@loader_path/Frameworks",
				);
				MARKETING_VERSION = 1.0;
				PRODUCT_BUNDLE_IDENTIFIER = com.VKapp.VKappUITests;
				PRODUCT_NAME = "$(TARGET_NAME)";
				SWIFT_EMIT_LOC_STRINGS = NO;
				SWIFT_VERSION = 5.0;
				TARGETED_DEVICE_FAMILY = "1,2";
				TEST_TARGET_NAME = VKapp;
			};
			name = Release;
		};
/* End XCBuildConfiguration section */

/* Begin XCConfigurationList section */
		FA1600F6274F106200BF9C63 /* Build configuration list for PBXProject "VKapp" */ = {
			isa = XCConfigurationList;
			buildConfigurations = (
				FA160126274F106500BF9C63 /* Debug */,
				FA160127274F106500BF9C63 /* Release */,
			);
			defaultConfigurationIsVisible = 0;
			defaultConfigurationName = Release;
		};
		FA160128274F106500BF9C63 /* Build configuration list for PBXNativeTarget "VKapp" */ = {
			isa = XCConfigurationList;
			buildConfigurations = (
				FA160129274F106500BF9C63 /* Debug */,
				FA16012A274F106500BF9C63 /* Release */,
			);
			defaultConfigurationIsVisible = 0;
			defaultConfigurationName = Release;
		};
		FA16012B274F106500BF9C63 /* Build configuration list for PBXNativeTarget "VKappTests" */ = {
			isa = XCConfigurationList;
			buildConfigurations = (
				FA16012C274F106500BF9C63 /* Debug */,
				FA16012D274F106500BF9C63 /* Release */,
			);
			defaultConfigurationIsVisible = 0;
			defaultConfigurationName = Release;
		};
		FA16012E274F106500BF9C63 /* Build configuration list for PBXNativeTarget "VKappUITests" */ = {
			isa = XCConfigurationList;
			buildConfigurations = (
				FA16012F274F106500BF9C63 /* Debug */,
				FA160130274F106500BF9C63 /* Release */,
			);
			defaultConfigurationIsVisible = 0;
			defaultConfigurationName = Release;
		};
/* End XCConfigurationList section */

/* Begin XCVersionGroup section */
		FA160107274F106200BF9C63 /* VKapp.xcdatamodeld */ = {
			isa = XCVersionGroup;
			children = (
				FA160108274F106200BF9C63 /* VKapp.xcdatamodel */,
			);
			currentVersion = FA160108274F106200BF9C63 /* VKapp.xcdatamodel */;
			path = VKapp.xcdatamodeld;
			sourceTree = "<group>";
			versionGroupType = wrapper.xcdatamodel;
		};
/* End XCVersionGroup section */
	};
	rootObject = FA1600F3274F106200BF9C63 /* Project object */;
}
